// !$*UTF8*$!
{
	archiveVersion = 1;
	classes = {
	};
	objectVersion = 46;
	objects = {

/* Begin PBXBuildFile section */
		C00E07DD19370CE3004DBBAF /* AudioToolbox.framework in Frameworks */ = {isa = PBXBuildFile; fileRef = C00E07DC19370CE3004DBBAF /* AudioToolbox.framework */; };
		C00E07E019370D79004DBBAF /* SoundPairTVC.m in Sources */ = {isa = PBXBuildFile; fileRef = C00E07DF19370D79004DBBAF /* SoundPairTVC.m */; };
		C039E61C1935C2AA00FF2D32 /* RootVC.m in Sources */ = {isa = PBXBuildFile; fileRef = C039E61B1935C2AA00FF2D32 /* RootVC.m */; };
		C039E61F1935C3F300FF2D32 /* GaitRecordVC.m in Sources */ = {isa = PBXBuildFile; fileRef = C039E61E1935C3F300FF2D32 /* GaitRecordVC.m */; };
		C04E14C91935D98700CCF53B /* SettingsTVC.m in Sources */ = {isa = PBXBuildFile; fileRef = C04E14C81935D98700CCF53B /* SettingsTVC.m */; };
		C04E14CC1935DDCA00CCF53B /* MeasurementSensitivityVC.m in Sources */ = {isa = PBXBuildFile; fileRef = C04E14CB1935DDCA00CCF53B /* MeasurementSensitivityVC.m */; };
		C04E14D31935DDEE00CCF53B /* DKCircularSlider.m in Sources */ = {isa = PBXBuildFile; fileRef = C04E14CE1935DDEE00CCF53B /* DKCircularSlider.m */; };
		C04E14D41935DDEE00CCF53B /* DKRepeatableButton.m in Sources */ = {isa = PBXBuildFile; fileRef = C04E14D01935DDEE00CCF53B /* DKRepeatableButton.m */; };
		C04E14DA1935DF3700CCF53B /* ContactSettingsVC.m in Sources */ = {isa = PBXBuildFile; fileRef = C04E14D91935DF3700CCF53B /* ContactSettingsVC.m */; };
		C04E14DD1935DF5300CCF53B /* LiftOffSettingsVC.m in Sources */ = {isa = PBXBuildFile; fileRef = C04E14DC1935DF5300CCF53B /* LiftOffSettingsVC.m */; };
		C07E440D1939C153006C1509 /* CFNetwork.framework in Frameworks */ = {isa = PBXBuildFile; fileRef = C07E440C1939C153006C1509 /* CFNetwork.framework */; };
		C07E440F1939C161006C1509 /* CoreLocation.framework in Frameworks */ = {isa = PBXBuildFile; fileRef = C07E440E1939C161006C1509 /* CoreLocation.framework */; };
		C07E44111939C168006C1509 /* libz.dylib in Frameworks */ = {isa = PBXBuildFile; fileRef = C07E44101939C168006C1509 /* libz.dylib */; };
		C07E44131939C170006C1509 /* MobileCoreServices.framework in Frameworks */ = {isa = PBXBuildFile; fileRef = C07E44121939C170006C1509 /* MobileCoreServices.framework */; };
		C07E44151939C176006C1509 /* QuartzCore.framework in Frameworks */ = {isa = PBXBuildFile; fileRef = C07E44141939C176006C1509 /* QuartzCore.framework */; };
		C07E44171939C17D006C1509 /* Security.framework in Frameworks */ = {isa = PBXBuildFile; fileRef = C07E44161939C17D006C1509 /* Security.framework */; };
		C07E44191939C184006C1509 /* StoreKit.framework in Frameworks */ = {isa = PBXBuildFile; fileRef = C07E44181939C184006C1509 /* StoreKit.framework */; };
		C07E441B1939C18E006C1509 /* SystemConfiguration.framework in Frameworks */ = {isa = PBXBuildFile; fileRef = C07E441A1939C18E006C1509 /* SystemConfiguration.framework */; };
		C07E441E1939C9E4006C1509 /* Model.xcdatamodeld in Sources */ = {isa = PBXBuildFile; fileRef = C07E441C1939C9E4006C1509 /* Model.xcdatamodeld */; };
		C07E44221939CAA3006C1509 /* Recording.m in Sources */ = {isa = PBXBuildFile; fileRef = C07E44211939CAA3006C1509 /* Recording.m */; };
		C07E44261939CE23006C1509 /* CoreDataTableViewController.m in Sources */ = {isa = PBXBuildFile; fileRef = C07E44251939CE23006C1509 /* CoreDataTableViewController.m */; };
		C07E442D1939CF29006C1509 /* Recording+Create.m in Sources */ = {isa = PBXBuildFile; fileRef = C07E442C1939CF29006C1509 /* Recording+Create.m */; };
		C07E44301939D634006C1509 /* HistoryCDTVC.m in Sources */ = {isa = PBXBuildFile; fileRef = C07E442F1939D634006C1509 /* HistoryCDTVC.m */; };
		C07E4432193A8D6E006C1509 /* MessageUI.framework in Frameworks */ = {isa = PBXBuildFile; fileRef = C07E4431193A8D6E006C1509 /* MessageUI.framework */; };
		C07E4438193D1C37006C1509 /* MotionFilter.m in Sources */ = {isa = PBXBuildFile; fileRef = C07E4437193D1C37006C1509 /* MotionFilter.m */; };
		C08A7F5B1935BBCC00024CF5 /* Images.xcassets in Resources */ = {isa = PBXBuildFile; fileRef = C08A7F5A1935BBCC00024CF5 /* Images.xcassets */; };
		C08A7F631935C21400024CF5 /* RECommonFunctions.m in Sources */ = {isa = PBXBuildFile; fileRef = C08A7F5E1935C21400024CF5 /* RECommonFunctions.m */; };
		C08A7F641935C21400024CF5 /* RESideMenu.m in Sources */ = {isa = PBXBuildFile; fileRef = C08A7F601935C21400024CF5 /* RESideMenu.m */; };
		C08A7F651935C21400024CF5 /* UIViewController+RESideMenu.m in Sources */ = {isa = PBXBuildFile; fileRef = C08A7F621935C21400024CF5 /* UIViewController+RESideMenu.m */; };
		C0DA43341935C60A0015CF9D /* MenuVC.m in Sources */ = {isa = PBXBuildFile; fileRef = C0DA43331935C60A0015CF9D /* MenuVC.m */; };
		C0FB7243193468DC00955AF5 /* Foundation.framework in Frameworks */ = {isa = PBXBuildFile; fileRef = C0FB7242193468DC00955AF5 /* Foundation.framework */; };
		C0FB7245193468DC00955AF5 /* CoreGraphics.framework in Frameworks */ = {isa = PBXBuildFile; fileRef = C0FB7244193468DC00955AF5 /* CoreGraphics.framework */; };
		C0FB7247193468DC00955AF5 /* UIKit.framework in Frameworks */ = {isa = PBXBuildFile; fileRef = C0FB7246193468DC00955AF5 /* UIKit.framework */; };
		C0FB724D193468DC00955AF5 /* InfoPlist.strings in Resources */ = {isa = PBXBuildFile; fileRef = C0FB724B193468DC00955AF5 /* InfoPlist.strings */; };
		C0FB724F193468DC00955AF5 /* main.m in Sources */ = {isa = PBXBuildFile; fileRef = C0FB724E193468DC00955AF5 /* main.m */; };
		C0FB7253193468DC00955AF5 /* GaitCheckAppDelegate.m in Sources */ = {isa = PBXBuildFile; fileRef = C0FB7252193468DC00955AF5 /* GaitCheckAppDelegate.m */; };
		C0FB7256193468DC00955AF5 /* Main.storyboard in Resources */ = {isa = PBXBuildFile; fileRef = C0FB7254193468DC00955AF5 /* Main.storyboard */; };
		C0FB7262193468DC00955AF5 /* XCTest.framework in Frameworks */ = {isa = PBXBuildFile; fileRef = C0FB7261193468DC00955AF5 /* XCTest.framework */; };
		C0FB7263193468DC00955AF5 /* Foundation.framework in Frameworks */ = {isa = PBXBuildFile; fileRef = C0FB7242193468DC00955AF5 /* Foundation.framework */; };
		C0FB7264193468DC00955AF5 /* UIKit.framework in Frameworks */ = {isa = PBXBuildFile; fileRef = C0FB7246193468DC00955AF5 /* UIKit.framework */; };
		C0FB726C193468DC00955AF5 /* InfoPlist.strings in Resources */ = {isa = PBXBuildFile; fileRef = C0FB726A193468DC00955AF5 /* InfoPlist.strings */; };
		C0FB726E193468DC00955AF5 /* GaitCheckTests.m in Sources */ = {isa = PBXBuildFile; fileRef = C0FB726D193468DC00955AF5 /* GaitCheckTests.m */; };
		C0FB72781934694400955AF5 /* CoreMotion.framework in Frameworks */ = {isa = PBXBuildFile; fileRef = C0FB72771934694400955AF5 /* CoreMotion.framework */; };
		C0FCB27B1935EB6200D8F95B /* UserDefaultsHelper.m in Sources */ = {isa = PBXBuildFile; fileRef = C0FCB27A1935EB6200D8F95B /* UserDefaultsHelper.m */; };
/* End PBXBuildFile section */

/* Begin PBXContainerItemProxy section */
		C0FB7265193468DC00955AF5 /* PBXContainerItemProxy */ = {
			isa = PBXContainerItemProxy;
			containerPortal = C0FB7237193468DC00955AF5 /* Project object */;
			proxyType = 1;
			remoteGlobalIDString = C0FB723E193468DC00955AF5;
			remoteInfo = GaitCheck;
		};
/* End PBXContainerItemProxy section */

/* Begin PBXFileReference section */
		C00E07DC19370CE3004DBBAF /* AudioToolbox.framework */ = {isa = PBXFileReference; lastKnownFileType = wrapper.framework; name = AudioToolbox.framework; path = System/Library/Frameworks/AudioToolbox.framework; sourceTree = SDKROOT; };
		C00E07DE19370D79004DBBAF /* SoundPairTVC.h */ = {isa = PBXFileReference; fileEncoding = 4; lastKnownFileType = sourcecode.c.h; path = SoundPairTVC.h; sourceTree = "<group>"; };
		C00E07DF19370D79004DBBAF /* SoundPairTVC.m */ = {isa = PBXFileReference; fileEncoding = 4; lastKnownFileType = sourcecode.c.objc; path = SoundPairTVC.m; sourceTree = "<group>"; };
		C039E61A1935C2AA00FF2D32 /* RootVC.h */ = {isa = PBXFileReference; fileEncoding = 4; lastKnownFileType = sourcecode.c.h; path = RootVC.h; sourceTree = "<group>"; };
		C039E61B1935C2AA00FF2D32 /* RootVC.m */ = {isa = PBXFileReference; fileEncoding = 4; lastKnownFileType = sourcecode.c.objc; path = RootVC.m; sourceTree = "<group>"; };
		C039E61D1935C3F300FF2D32 /* GaitRecordVC.h */ = {isa = PBXFileReference; fileEncoding = 4; lastKnownFileType = sourcecode.c.h; path = GaitRecordVC.h; sourceTree = "<group>"; };
		C039E61E1935C3F300FF2D32 /* GaitRecordVC.m */ = {isa = PBXFileReference; fileEncoding = 4; lastKnownFileType = sourcecode.c.objc; path = GaitRecordVC.m; sourceTree = "<group>"; };
		C04E14C71935D98700CCF53B /* SettingsTVC.h */ = {isa = PBXFileReference; fileEncoding = 4; lastKnownFileType = sourcecode.c.h; path = SettingsTVC.h; sourceTree = "<group>"; };
		C04E14C81935D98700CCF53B /* SettingsTVC.m */ = {isa = PBXFileReference; fileEncoding = 4; lastKnownFileType = sourcecode.c.objc; path = SettingsTVC.m; sourceTree = "<group>"; };
		C04E14CA1935DDCA00CCF53B /* MeasurementSensitivityVC.h */ = {isa = PBXFileReference; fileEncoding = 4; lastKnownFileType = sourcecode.c.h; path = MeasurementSensitivityVC.h; sourceTree = "<group>"; };
		C04E14CB1935DDCA00CCF53B /* MeasurementSensitivityVC.m */ = {isa = PBXFileReference; fileEncoding = 4; lastKnownFileType = sourcecode.c.objc; path = MeasurementSensitivityVC.m; sourceTree = "<group>"; };
		C04E14CD1935DDEE00CCF53B /* DKCircularSlider.h */ = {isa = PBXFileReference; fileEncoding = 4; lastKnownFileType = sourcecode.c.h; path = DKCircularSlider.h; sourceTree = "<group>"; };
		C04E14CE1935DDEE00CCF53B /* DKCircularSlider.m */ = {isa = PBXFileReference; fileEncoding = 4; lastKnownFileType = sourcecode.c.objc; path = DKCircularSlider.m; sourceTree = "<group>"; };
		C04E14CF1935DDEE00CCF53B /* DKRepeatableButton.h */ = {isa = PBXFileReference; fileEncoding = 4; lastKnownFileType = sourcecode.c.h; path = DKRepeatableButton.h; sourceTree = "<group>"; };
		C04E14D01935DDEE00CCF53B /* DKRepeatableButton.m */ = {isa = PBXFileReference; fileEncoding = 4; lastKnownFileType = sourcecode.c.objc; path = DKRepeatableButton.m; sourceTree = "<group>"; };
		C04E14D81935DF3700CCF53B /* ContactSettingsVC.h */ = {isa = PBXFileReference; fileEncoding = 4; lastKnownFileType = sourcecode.c.h; path = ContactSettingsVC.h; sourceTree = "<group>"; };
		C04E14D91935DF3700CCF53B /* ContactSettingsVC.m */ = {isa = PBXFileReference; fileEncoding = 4; lastKnownFileType = sourcecode.c.objc; path = ContactSettingsVC.m; sourceTree = "<group>"; };
		C04E14DB1935DF5300CCF53B /* LiftOffSettingsVC.h */ = {isa = PBXFileReference; fileEncoding = 4; lastKnownFileType = sourcecode.c.h; path = LiftOffSettingsVC.h; sourceTree = "<group>"; };
		C04E14DC1935DF5300CCF53B /* LiftOffSettingsVC.m */ = {isa = PBXFileReference; fileEncoding = 4; lastKnownFileType = sourcecode.c.objc; path = LiftOffSettingsVC.m; sourceTree = "<group>"; };
		C07E440C1939C153006C1509 /* CFNetwork.framework */ = {isa = PBXFileReference; lastKnownFileType = wrapper.framework; name = CFNetwork.framework; path = System/Library/Frameworks/CFNetwork.framework; sourceTree = SDKROOT; };
		C07E440E1939C161006C1509 /* CoreLocation.framework */ = {isa = PBXFileReference; lastKnownFileType = wrapper.framework; name = CoreLocation.framework; path = System/Library/Frameworks/CoreLocation.framework; sourceTree = SDKROOT; };
		C07E44101939C168006C1509 /* libz.dylib */ = {isa = PBXFileReference; lastKnownFileType = "compiled.mach-o.dylib"; name = libz.dylib; path = usr/lib/libz.dylib; sourceTree = SDKROOT; };
		C07E44121939C170006C1509 /* MobileCoreServices.framework */ = {isa = PBXFileReference; lastKnownFileType = wrapper.framework; name = MobileCoreServices.framework; path = System/Library/Frameworks/MobileCoreServices.framework; sourceTree = SDKROOT; };
		C07E44141939C176006C1509 /* QuartzCore.framework */ = {isa = PBXFileReference; lastKnownFileType = wrapper.framework; name = QuartzCore.framework; path = System/Library/Frameworks/QuartzCore.framework; sourceTree = SDKROOT; };
		C07E44161939C17D006C1509 /* Security.framework */ = {isa = PBXFileReference; lastKnownFileType = wrapper.framework; name = Security.framework; path = System/Library/Frameworks/Security.framework; sourceTree = SDKROOT; };
		C07E44181939C184006C1509 /* StoreKit.framework */ = {isa = PBXFileReference; lastKnownFileType = wrapper.framework; name = StoreKit.framework; path = System/Library/Frameworks/StoreKit.framework; sourceTree = SDKROOT; };
		C07E441A1939C18E006C1509 /* SystemConfiguration.framework */ = {isa = PBXFileReference; lastKnownFileType = wrapper.framework; name = SystemConfiguration.framework; path = System/Library/Frameworks/SystemConfiguration.framework; sourceTree = SDKROOT; };
		C07E441D1939C9E4006C1509 /* Model.xcdatamodel */ = {isa = PBXFileReference; lastKnownFileType = wrapper.xcdatamodel; path = Model.xcdatamodel; sourceTree = "<group>"; };
		C07E44201939CAA3006C1509 /* Recording.h */ = {isa = PBXFileReference; fileEncoding = 4; lastKnownFileType = sourcecode.c.h; path = Recording.h; sourceTree = "<group>"; };
		C07E44211939CAA3006C1509 /* Recording.m */ = {isa = PBXFileReference; fileEncoding = 4; lastKnownFileType = sourcecode.c.objc; path = Recording.m; sourceTree = "<group>"; };
		C07E44231939CC90006C1509 /* RecordingDatabaseAvailability.h */ = {isa = PBXFileReference; fileEncoding = 4; lastKnownFileType = sourcecode.c.h; path = RecordingDatabaseAvailability.h; sourceTree = "<group>"; };
		C07E44241939CE23006C1509 /* CoreDataTableViewController.h */ = {isa = PBXFileReference; fileEncoding = 4; lastKnownFileType = sourcecode.c.h; path = CoreDataTableViewController.h; sourceTree = "<group>"; };
		C07E44251939CE23006C1509 /* CoreDataTableViewController.m */ = {isa = PBXFileReference; fileEncoding = 4; lastKnownFileType = sourcecode.c.objc; path = CoreDataTableViewController.m; sourceTree = "<group>"; };
		C07E442B1939CF29006C1509 /* Recording+Create.h */ = {isa = PBXFileReference; fileEncoding = 4; lastKnownFileType = sourcecode.c.h; name = "Recording+Create.h"; path = "../Recording+Create.h"; sourceTree = "<group>"; };
		C07E442C1939CF29006C1509 /* Recording+Create.m */ = {isa = PBXFileReference; fileEncoding = 4; lastKnownFileType = sourcecode.c.objc; name = "Recording+Create.m"; path = "../Recording+Create.m"; sourceTree = "<group>"; };
		C07E442E1939D634006C1509 /* HistoryCDTVC.h */ = {isa = PBXFileReference; fileEncoding = 4; lastKnownFileType = sourcecode.c.h; path = HistoryCDTVC.h; sourceTree = "<group>"; };
		C07E442F1939D634006C1509 /* HistoryCDTVC.m */ = {isa = PBXFileReference; fileEncoding = 4; lastKnownFileType = sourcecode.c.objc; path = HistoryCDTVC.m; sourceTree = "<group>"; };
		C07E4431193A8D6E006C1509 /* MessageUI.framework */ = {isa = PBXFileReference; lastKnownFileType = wrapper.framework; name = MessageUI.framework; path = System/Library/Frameworks/MessageUI.framework; sourceTree = SDKROOT; };
		C07E4436193D1C37006C1509 /* MotionFilter.h */ = {isa = PBXFileReference; fileEncoding = 4; lastKnownFileType = sourcecode.c.h; path = MotionFilter.h; sourceTree = "<group>"; };
		C07E4437193D1C37006C1509 /* MotionFilter.m */ = {isa = PBXFileReference; fileEncoding = 4; lastKnownFileType = sourcecode.c.objc; path = MotionFilter.m; sourceTree = "<group>"; };
		C08A7F5A1935BBCC00024CF5 /* Images.xcassets */ = {isa = PBXFileReference; lastKnownFileType = folder.assetcatalog; path = Images.xcassets; sourceTree = "<group>"; };
		C08A7F5D1935C21400024CF5 /* RECommonFunctions.h */ = {isa = PBXFileReference; fileEncoding = 4; lastKnownFileType = sourcecode.c.h; path = RECommonFunctions.h; sourceTree = "<group>"; };
		C08A7F5E1935C21400024CF5 /* RECommonFunctions.m */ = {isa = PBXFileReference; fileEncoding = 4; lastKnownFileType = sourcecode.c.objc; path = RECommonFunctions.m; sourceTree = "<group>"; };
		C08A7F5F1935C21400024CF5 /* RESideMenu.h */ = {isa = PBXFileReference; fileEncoding = 4; lastKnownFileType = sourcecode.c.h; path = RESideMenu.h; sourceTree = "<group>"; };
		C08A7F601935C21400024CF5 /* RESideMenu.m */ = {isa = PBXFileReference; fileEncoding = 4; lastKnownFileType = sourcecode.c.objc; path = RESideMenu.m; sourceTree = "<group>"; };
		C08A7F611935C21400024CF5 /* UIViewController+RESideMenu.h */ = {isa = PBXFileReference; fileEncoding = 4; lastKnownFileType = sourcecode.c.h; path = "UIViewController+RESideMenu.h"; sourceTree = "<group>"; };
		C08A7F621935C21400024CF5 /* UIViewController+RESideMenu.m */ = {isa = PBXFileReference; fileEncoding = 4; lastKnownFileType = sourcecode.c.objc; path = "UIViewController+RESideMenu.m"; sourceTree = "<group>"; };
		C0DA43321935C60A0015CF9D /* MenuVC.h */ = {isa = PBXFileReference; fileEncoding = 4; lastKnownFileType = sourcecode.c.h; path = MenuVC.h; sourceTree = "<group>"; };
		C0DA43331935C60A0015CF9D /* MenuVC.m */ = {isa = PBXFileReference; fileEncoding = 4; lastKnownFileType = sourcecode.c.objc; path = MenuVC.m; sourceTree = "<group>"; };
		C0FB723F193468DC00955AF5 /* GaitCheck.app */ = {isa = PBXFileReference; explicitFileType = wrapper.application; includeInIndex = 0; path = GaitCheck.app; sourceTree = BUILT_PRODUCTS_DIR; };
		C0FB7242193468DC00955AF5 /* Foundation.framework */ = {isa = PBXFileReference; lastKnownFileType = wrapper.framework; name = Foundation.framework; path = System/Library/Frameworks/Foundation.framework; sourceTree = SDKROOT; };
		C0FB7244193468DC00955AF5 /* CoreGraphics.framework */ = {isa = PBXFileReference; lastKnownFileType = wrapper.framework; name = CoreGraphics.framework; path = System/Library/Frameworks/CoreGraphics.framework; sourceTree = SDKROOT; };
		C0FB7246193468DC00955AF5 /* UIKit.framework */ = {isa = PBXFileReference; lastKnownFileType = wrapper.framework; name = UIKit.framework; path = System/Library/Frameworks/UIKit.framework; sourceTree = SDKROOT; };
		C0FB724A193468DC00955AF5 /* GaitCheck-Info.plist */ = {isa = PBXFileReference; lastKnownFileType = text.plist.xml; path = "GaitCheck-Info.plist"; sourceTree = "<group>"; };
		C0FB724C193468DC00955AF5 /* en */ = {isa = PBXFileReference; lastKnownFileType = text.plist.strings; name = en; path = en.lproj/InfoPlist.strings; sourceTree = "<group>"; };
		C0FB724E193468DC00955AF5 /* main.m */ = {isa = PBXFileReference; lastKnownFileType = sourcecode.c.objc; path = main.m; sourceTree = "<group>"; };
		C0FB7250193468DC00955AF5 /* GaitCheck-Prefix.pch */ = {isa = PBXFileReference; lastKnownFileType = sourcecode.c.h; path = "GaitCheck-Prefix.pch"; sourceTree = "<group>"; };
		C0FB7251193468DC00955AF5 /* GaitCheckAppDelegate.h */ = {isa = PBXFileReference; lastKnownFileType = sourcecode.c.h; path = GaitCheckAppDelegate.h; sourceTree = "<group>"; };
		C0FB7252193468DC00955AF5 /* GaitCheckAppDelegate.m */ = {isa = PBXFileReference; lastKnownFileType = sourcecode.c.objc; path = GaitCheckAppDelegate.m; sourceTree = "<group>"; };
		C0FB7255193468DC00955AF5 /* Base */ = {isa = PBXFileReference; lastKnownFileType = file.storyboard; name = Base; path = Base.lproj/Main.storyboard; sourceTree = "<group>"; };
		C0FB7260193468DC00955AF5 /* GaitCheckTests.xctest */ = {isa = PBXFileReference; explicitFileType = wrapper.cfbundle; includeInIndex = 0; path = GaitCheckTests.xctest; sourceTree = BUILT_PRODUCTS_DIR; };
		C0FB7261193468DC00955AF5 /* XCTest.framework */ = {isa = PBXFileReference; lastKnownFileType = wrapper.framework; name = XCTest.framework; path = Library/Frameworks/XCTest.framework; sourceTree = DEVELOPER_DIR; };
		C0FB7269193468DC00955AF5 /* GaitCheckTests-Info.plist */ = {isa = PBXFileReference; lastKnownFileType = text.plist.xml; path = "GaitCheckTests-Info.plist"; sourceTree = "<group>"; };
		C0FB726B193468DC00955AF5 /* en */ = {isa = PBXFileReference; lastKnownFileType = text.plist.strings; name = en; path = en.lproj/InfoPlist.strings; sourceTree = "<group>"; };
		C0FB726D193468DC00955AF5 /* GaitCheckTests.m */ = {isa = PBXFileReference; lastKnownFileType = sourcecode.c.objc; path = GaitCheckTests.m; sourceTree = "<group>"; };
		C0FB72771934694400955AF5 /* CoreMotion.framework */ = {isa = PBXFileReference; lastKnownFileType = wrapper.framework; name = CoreMotion.framework; path = System/Library/Frameworks/CoreMotion.framework; sourceTree = SDKROOT; };
		C0FCB2781935E52300D8F95B /* UserPreferencesKeys.h */ = {isa = PBXFileReference; lastKnownFileType = sourcecode.c.h; path = UserPreferencesKeys.h; sourceTree = "<group>"; };
		C0FCB2791935EB6200D8F95B /* UserDefaultsHelper.h */ = {isa = PBXFileReference; fileEncoding = 4; lastKnownFileType = sourcecode.c.h; name = UserDefaultsHelper.h; path = ../UserDefaultsHelper.h; sourceTree = "<group>"; };
		C0FCB27A1935EB6200D8F95B /* UserDefaultsHelper.m */ = {isa = PBXFileReference; fileEncoding = 4; lastKnownFileType = sourcecode.c.objc; name = UserDefaultsHelper.m; path = ../UserDefaultsHelper.m; sourceTree = "<group>"; };
/* End PBXFileReference section */

/* Begin PBXFrameworksBuildPhase section */
		C0FB723C193468DC00955AF5 /* Frameworks */ = {
			isa = PBXFrameworksBuildPhase;
			buildActionMask = 2147483647;
			files = (
				C07E4432193A8D6E006C1509 /* MessageUI.framework in Frameworks */,
				C07E441B1939C18E006C1509 /* SystemConfiguration.framework in Frameworks */,
				C07E44191939C184006C1509 /* StoreKit.framework in Frameworks */,
				C07E44171939C17D006C1509 /* Security.framework in Frameworks */,
				C07E44151939C176006C1509 /* QuartzCore.framework in Frameworks */,
				C07E44131939C170006C1509 /* MobileCoreServices.framework in Frameworks */,
				C07E44111939C168006C1509 /* libz.dylib in Frameworks */,
				C07E440F1939C161006C1509 /* CoreLocation.framework in Frameworks */,
				C0FB7245193468DC00955AF5 /* CoreGraphics.framework in Frameworks */,
				C07E440D1939C153006C1509 /* CFNetwork.framework in Frameworks */,
				C00E07DD19370CE3004DBBAF /* AudioToolbox.framework in Frameworks */,
				C0FB72781934694400955AF5 /* CoreMotion.framework in Frameworks */,
				C0FB7247193468DC00955AF5 /* UIKit.framework in Frameworks */,
				C0FB7243193468DC00955AF5 /* Foundation.framework in Frameworks */,
			);
			runOnlyForDeploymentPostprocessing = 0;
		};
		C0FB725D193468DC00955AF5 /* Frameworks */ = {
			isa = PBXFrameworksBuildPhase;
			buildActionMask = 2147483647;
			files = (
				C0FB7262193468DC00955AF5 /* XCTest.framework in Frameworks */,
				C0FB7264193468DC00955AF5 /* UIKit.framework in Frameworks */,
				C0FB7263193468DC00955AF5 /* Foundation.framework in Frameworks */,
			);
			runOnlyForDeploymentPostprocessing = 0;
		};
/* End PBXFrameworksBuildPhase section */

/* Begin PBXGroup section */
		C00E07E119370D83004DBBAF /* Settings */ = {
			isa = PBXGroup;
			children = (
				C04E14C71935D98700CCF53B /* SettingsTVC.h */,
				C04E14C81935D98700CCF53B /* SettingsTVC.m */,
				C00E07E219370D8B004DBBAF /* Sensitivity */,
				C00E07DE19370D79004DBBAF /* SoundPairTVC.h */,
				C00E07DF19370D79004DBBAF /* SoundPairTVC.m */,
			);
			name = Settings;
			sourceTree = "<group>";
		};
		C00E07E219370D8B004DBBAF /* Sensitivity */ = {
			isa = PBXGroup;
			children = (
				C04E14CA1935DDCA00CCF53B /* MeasurementSensitivityVC.h */,
				C04E14CB1935DDCA00CCF53B /* MeasurementSensitivityVC.m */,
				C04E14D81935DF3700CCF53B /* ContactSettingsVC.h */,
				C04E14D91935DF3700CCF53B /* ContactSettingsVC.m */,
				C04E14DB1935DF5300CCF53B /* LiftOffSettingsVC.h */,
				C04E14DC1935DF5300CCF53B /* LiftOffSettingsVC.m */,
			);
			name = Sensitivity;
			sourceTree = "<group>";
		};
		C039E6201935C3FE00FF2D32 /* Views */ = {
			isa = PBXGroup;
			children = (
				C0FB7254193468DC00955AF5 /* Main.storyboard */,
			);
			name = Views;
			sourceTree = "<group>";
		};
		C04E14D71935DE1600CCF53B /* DKCircularSlider */ = {
			isa = PBXGroup;
			children = (
				C04E14CD1935DDEE00CCF53B /* DKCircularSlider.h */,
				C04E14CE1935DDEE00CCF53B /* DKCircularSlider.m */,
				C04E14CF1935DDEE00CCF53B /* DKRepeatableButton.h */,
				C04E14D01935DDEE00CCF53B /* DKRepeatableButton.m */,
			);
			name = DKCircularSlider;
			sourceTree = "<group>";
		};
		C07E441F1939CA61006C1509 /* Core Data Models */ = {
			isa = PBXGroup;
			children = (
				C07E442B1939CF29006C1509 /* Recording+Create.h */,
				C07E442C1939CF29006C1509 /* Recording+Create.m */,
				C07E44201939CAA3006C1509 /* Recording.h */,
				C07E44211939CAA3006C1509 /* Recording.m */,
				C07E441C1939C9E4006C1509 /* Model.xcdatamodeld */,
			);
			name = "Core Data Models";
			sourceTree = "<group>";
		};
		C07E44271939CE31006C1509 /* Controllers */ = {
			isa = PBXGroup;
			children = (
				C039E61A1935C2AA00FF2D32 /* RootVC.h */,
				C039E61B1935C2AA00FF2D32 /* RootVC.m */,
				C039E61D1935C3F300FF2D32 /* GaitRecordVC.h */,
				C039E61E1935C3F300FF2D32 /* GaitRecordVC.m */,
				C07E44241939CE23006C1509 /* CoreDataTableViewController.h */,
				C07E44251939CE23006C1509 /* CoreDataTableViewController.m */,
				C07E442E1939D634006C1509 /* HistoryCDTVC.h */,
				C07E442F1939D634006C1509 /* HistoryCDTVC.m */,
				C0DA43321935C60A0015CF9D /* MenuVC.h */,
				C0DA43331935C60A0015CF9D /* MenuVC.m */,
				C00E07E119370D83004DBBAF /* Settings */,
			);
			name = Controllers;
			sourceTree = "<group>";
		};
		C08A7F5C1935C20100024CF5 /* RESideMenu */ = {
			isa = PBXGroup;
			children = (
				C08A7F5D1935C21400024CF5 /* RECommonFunctions.h */,
				C08A7F5E1935C21400024CF5 /* RECommonFunctions.m */,
				C08A7F5F1935C21400024CF5 /* RESideMenu.h */,
				C08A7F601935C21400024CF5 /* RESideMenu.m */,
				C08A7F611935C21400024CF5 /* UIViewController+RESideMenu.h */,
				C08A7F621935C21400024CF5 /* UIViewController+RESideMenu.m */,
			);
			name = RESideMenu;
			sourceTree = "<group>";
		};
		C0FB7236193468DC00955AF5 = {
			isa = PBXGroup;
			children = (
				C0FB7248193468DC00955AF5 /* GaitCheck */,
				C0FB7267193468DC00955AF5 /* GaitCheckTests */,
				C0FB7241193468DC00955AF5 /* Frameworks */,
				C0FB7240193468DC00955AF5 /* Products */,
			);
			sourceTree = "<group>";
		};
		C0FB7240193468DC00955AF5 /* Products */ = {
			isa = PBXGroup;
			children = (
				C0FB723F193468DC00955AF5 /* GaitCheck.app */,
				C0FB7260193468DC00955AF5 /* GaitCheckTests.xctest */,
			);
			name = Products;
			sourceTree = "<group>";
		};
		C0FB7241193468DC00955AF5 /* Frameworks */ = {
			isa = PBXGroup;
			children = (
				C07E4431193A8D6E006C1509 /* MessageUI.framework */,
				C07E441A1939C18E006C1509 /* SystemConfiguration.framework */,
				C07E44181939C184006C1509 /* StoreKit.framework */,
				C07E44161939C17D006C1509 /* Security.framework */,
				C07E44141939C176006C1509 /* QuartzCore.framework */,
				C07E44121939C170006C1509 /* MobileCoreServices.framework */,
				C07E44101939C168006C1509 /* libz.dylib */,
				C07E440E1939C161006C1509 /* CoreLocation.framework */,
				C07E440C1939C153006C1509 /* CFNetwork.framework */,
				C00E07DC19370CE3004DBBAF /* AudioToolbox.framework */,
				C0FB72771934694400955AF5 /* CoreMotion.framework */,
				C0FB7242193468DC00955AF5 /* Foundation.framework */,
				C0FB7244193468DC00955AF5 /* CoreGraphics.framework */,
				C0FB7246193468DC00955AF5 /* UIKit.framework */,
				C0FB7261193468DC00955AF5 /* XCTest.framework */,
			);
			name = Frameworks;
			sourceTree = "<group>";
		};
		C0FB7248193468DC00955AF5 /* GaitCheck */ = {
			isa = PBXGroup;
			children = (
				C07E4436193D1C37006C1509 /* MotionFilter.h */,
				C07E4437193D1C37006C1509 /* MotionFilter.m */,
				C0FCB2791935EB6200D8F95B /* UserDefaultsHelper.h */,
				C0FCB27A1935EB6200D8F95B /* UserDefaultsHelper.m */,
				C0FB7251193468DC00955AF5 /* GaitCheckAppDelegate.h */,
				C0FB7252193468DC00955AF5 /* GaitCheckAppDelegate.m */,
				C07E44231939CC90006C1509 /* RecordingDatabaseAvailability.h */,
				C0FCB2781935E52300D8F95B /* UserPreferencesKeys.h */,
				C07E44271939CE31006C1509 /* Controllers */,
				C039E6201935C3FE00FF2D32 /* Views */,
				C07E441F1939CA61006C1509 /* Core Data Models */,
				C08A7F5C1935C20100024CF5 /* RESideMenu */,
				C04E14D71935DE1600CCF53B /* DKCircularSlider */,
				C0FB7249193468DC00955AF5 /* Supporting Files */,
			);
			path = GaitCheck;
			sourceTree = "<group>";
		};
		C0FB7249193468DC00955AF5 /* Supporting Files */ = {
			isa = PBXGroup;
			children = (
				C08A7F5A1935BBCC00024CF5 /* Images.xcassets */,
				C0FB724A193468DC00955AF5 /* GaitCheck-Info.plist */,
				C0FB724B193468DC00955AF5 /* InfoPlist.strings */,
				C0FB724E193468DC00955AF5 /* main.m */,
				C0FB7250193468DC00955AF5 /* GaitCheck-Prefix.pch */,
			);
			name = "Supporting Files";
			sourceTree = "<group>";
		};
		C0FB7267193468DC00955AF5 /* GaitCheckTests */ = {
			isa = PBXGroup;
			children = (
				C0FB726D193468DC00955AF5 /* GaitCheckTests.m */,
				C0FB7268193468DC00955AF5 /* Supporting Files */,
			);
			path = GaitCheckTests;
			sourceTree = "<group>";
		};
		C0FB7268193468DC00955AF5 /* Supporting Files */ = {
			isa = PBXGroup;
			children = (
				C0FB7269193468DC00955AF5 /* GaitCheckTests-Info.plist */,
				C0FB726A193468DC00955AF5 /* InfoPlist.strings */,
			);
			name = "Supporting Files";
			sourceTree = "<group>";
		};
/* End PBXGroup section */

/* Begin PBXNativeTarget section */
		C0FB723E193468DC00955AF5 /* GaitCheck */ = {
			isa = PBXNativeTarget;
			buildConfigurationList = C0FB7271193468DC00955AF5 /* Build configuration list for PBXNativeTarget "GaitCheck" */;
			buildPhases = (
				C0FB723B193468DC00955AF5 /* Sources */,
				C0FB723C193468DC00955AF5 /* Frameworks */,
				C0FB723D193468DC00955AF5 /* Resources */,
			);
			buildRules = (
			);
			dependencies = (
			);
			name = GaitCheck;
			productName = GaitCheck;
			productReference = C0FB723F193468DC00955AF5 /* GaitCheck.app */;
			productType = "com.apple.product-type.application";
		};
		C0FB725F193468DC00955AF5 /* GaitCheckTests */ = {
			isa = PBXNativeTarget;
			buildConfigurationList = C0FB7274193468DC00955AF5 /* Build configuration list for PBXNativeTarget "GaitCheckTests" */;
			buildPhases = (
				C0FB725C193468DC00955AF5 /* Sources */,
				C0FB725D193468DC00955AF5 /* Frameworks */,
				C0FB725E193468DC00955AF5 /* Resources */,
			);
			buildRules = (
			);
			dependencies = (
				C0FB7266193468DC00955AF5 /* PBXTargetDependency */,
			);
			name = GaitCheckTests;
			productName = GaitCheckTests;
			productReference = C0FB7260193468DC00955AF5 /* GaitCheckTests.xctest */;
			productType = "com.apple.product-type.bundle.unit-test";
		};
/* End PBXNativeTarget section */

/* Begin PBXProject section */
		C0FB7237193468DC00955AF5 /* Project object */ = {
			isa = PBXProject;
			attributes = {
				CLASSPREFIX = GaitCheck;
				LastUpgradeCheck = 0510;
				ORGANIZATIONNAME = "Jesse Clayburgh";
				TargetAttributes = {
					C0FB725F193468DC00955AF5 = {
						TestTargetID = C0FB723E193468DC00955AF5;
					};
				};
			};
			buildConfigurationList = C0FB723A193468DC00955AF5 /* Build configuration list for PBXProject "GaitCheck" */;
			compatibilityVersion = "Xcode 3.2";
			developmentRegion = English;
			hasScannedForEncodings = 0;
			knownRegions = (
				en,
				Base,
			);
			mainGroup = C0FB7236193468DC00955AF5;
			productRefGroup = C0FB7240193468DC00955AF5 /* Products */;
			projectDirPath = "";
			projectRoot = "";
			targets = (
				C0FB723E193468DC00955AF5 /* GaitCheck */,
				C0FB725F193468DC00955AF5 /* GaitCheckTests */,
			);
		};
/* End PBXProject section */

/* Begin PBXResourcesBuildPhase section */
		C0FB723D193468DC00955AF5 /* Resources */ = {
			isa = PBXResourcesBuildPhase;
			buildActionMask = 2147483647;
			files = (
				C08A7F5B1935BBCC00024CF5 /* Images.xcassets in Resources */,
				C0FB724D193468DC00955AF5 /* InfoPlist.strings in Resources */,
				C0FB7256193468DC00955AF5 /* Main.storyboard in Resources */,
			);
			runOnlyForDeploymentPostprocessing = 0;
		};
		C0FB725E193468DC00955AF5 /* Resources */ = {
			isa = PBXResourcesBuildPhase;
			buildActionMask = 2147483647;
			files = (
				C0FB726C193468DC00955AF5 /* InfoPlist.strings in Resources */,
			);
			runOnlyForDeploymentPostprocessing = 0;
		};
/* End PBXResourcesBuildPhase section */

/* Begin PBXSourcesBuildPhase section */
		C0FB723B193468DC00955AF5 /* Sources */ = {
			isa = PBXSourcesBuildPhase;
			buildActionMask = 2147483647;
			files = (
				C04E14D31935DDEE00CCF53B /* DKCircularSlider.m in Sources */,
				C039E61C1935C2AA00FF2D32 /* RootVC.m in Sources */,
				C04E14DD1935DF5300CCF53B /* LiftOffSettingsVC.m in Sources */,
				C07E4438193D1C37006C1509 /* MotionFilter.m in Sources */,
				C00E07E019370D79004DBBAF /* SoundPairTVC.m in Sources */,
				C0FB7253193468DC00955AF5 /* GaitCheckAppDelegate.m in Sources */,
				C07E441E1939C9E4006C1509 /* Model.xcdatamodeld in Sources */,
				C04E14CC1935DDCA00CCF53B /* MeasurementSensitivityVC.m in Sources */,
				C04E14C91935D98700CCF53B /* SettingsTVC.m in Sources */,
				C0FCB27B1935EB6200D8F95B /* UserDefaultsHelper.m in Sources */,
				C0FB724F193468DC00955AF5 /* main.m in Sources */,
				C0DA43341935C60A0015CF9D /* MenuVC.m in Sources */,
				C07E44221939CAA3006C1509 /* Recording.m in Sources */,
				C08A7F641935C21400024CF5 /* RESideMenu.m in Sources */,
				C07E44261939CE23006C1509 /* CoreDataTableViewController.m in Sources */,
				C07E44301939D634006C1509 /* HistoryCDTVC.m in Sources */,
				C08A7F631935C21400024CF5 /* RECommonFunctions.m in Sources */,
				C039E61F1935C3F300FF2D32 /* GaitRecordVC.m in Sources */,
				C08A7F651935C21400024CF5 /* UIViewController+RESideMenu.m in Sources */,
				C04E14DA1935DF3700CCF53B /* ContactSettingsVC.m in Sources */,
				C07E442D1939CF29006C1509 /* Recording+Create.m in Sources */,
				C04E14D41935DDEE00CCF53B /* DKRepeatableButton.m in Sources */,
			);
			runOnlyForDeploymentPostprocessing = 0;
		};
		C0FB725C193468DC00955AF5 /* Sources */ = {
			isa = PBXSourcesBuildPhase;
			buildActionMask = 2147483647;
			files = (
				C0FB726E193468DC00955AF5 /* GaitCheckTests.m in Sources */,
			);
			runOnlyForDeploymentPostprocessing = 0;
		};
/* End PBXSourcesBuildPhase section */

/* Begin PBXTargetDependency section */
		C0FB7266193468DC00955AF5 /* PBXTargetDependency */ = {
			isa = PBXTargetDependency;
			target = C0FB723E193468DC00955AF5 /* GaitCheck */;
			targetProxy = C0FB7265193468DC00955AF5 /* PBXContainerItemProxy */;
		};
/* End PBXTargetDependency section */

/* Begin PBXVariantGroup section */
		C0FB724B193468DC00955AF5 /* InfoPlist.strings */ = {
			isa = PBXVariantGroup;
			children = (
				C0FB724C193468DC00955AF5 /* en */,
			);
			name = InfoPlist.strings;
			sourceTree = "<group>";
		};
		C0FB7254193468DC00955AF5 /* Main.storyboard */ = {
			isa = PBXVariantGroup;
			children = (
				C0FB7255193468DC00955AF5 /* Base */,
			);
			name = Main.storyboard;
			sourceTree = "<group>";
		};
		C0FB726A193468DC00955AF5 /* InfoPlist.strings */ = {
			isa = PBXVariantGroup;
			children = (
				C0FB726B193468DC00955AF5 /* en */,
			);
			name = InfoPlist.strings;
			sourceTree = "<group>";
		};
/* End PBXVariantGroup section */

/* Begin XCBuildConfiguration section */
		C0FB726F193468DC00955AF5 /* Debug */ = {
			isa = XCBuildConfiguration;
			buildSettings = {
				ALWAYS_SEARCH_USER_PATHS = NO;
				CLANG_CXX_LANGUAGE_STANDARD = "gnu++0x";
				CLANG_CXX_LIBRARY = "libc++";
				CLANG_ENABLE_MODULES = YES;
				CLANG_ENABLE_OBJC_ARC = YES;
				CLANG_WARN_BOOL_CONVERSION = YES;
				CLANG_WARN_CONSTANT_CONVERSION = YES;
				CLANG_WARN_DIRECT_OBJC_ISA_USAGE = YES_ERROR;
				CLANG_WARN_EMPTY_BODY = YES;
				CLANG_WARN_ENUM_CONVERSION = YES;
				CLANG_WARN_INT_CONVERSION = YES;
				CLANG_WARN_OBJC_ROOT_CLASS = YES_ERROR;
				CLANG_WARN__DUPLICATE_METHOD_MATCH = YES;
				"CODE_SIGN_IDENTITY[sdk=iphoneos*]" = "iPhone Developer";
				COPY_PHASE_STRIP = NO;
				GCC_C_LANGUAGE_STANDARD = gnu99;
				GCC_DYNAMIC_NO_PIC = NO;
				GCC_OPTIMIZATION_LEVEL = 0;
				GCC_PREPROCESSOR_DEFINITIONS = (
					"DEBUG=1",
					"$(inherited)",
				);
				GCC_SYMBOLS_PRIVATE_EXTERN = NO;
				GCC_WARN_64_TO_32_BIT_CONVERSION = YES;
				GCC_WARN_ABOUT_RETURN_TYPE = YES_ERROR;
				GCC_WARN_UNDECLARED_SELECTOR = YES;
				GCC_WARN_UNINITIALIZED_AUTOS = YES_AGGRESSIVE;
				GCC_WARN_UNUSED_FUNCTION = YES;
				GCC_WARN_UNUSED_VARIABLE = YES;
				IPHONEOS_DEPLOYMENT_TARGET = 7.1;
				ONLY_ACTIVE_ARCH = YES;
				SDKROOT = iphoneos;
			};
			name = Debug;
		};
		C0FB7270193468DC00955AF5 /* Release */ = {
			isa = XCBuildConfiguration;
			buildSettings = {
				ALWAYS_SEARCH_USER_PATHS = NO;
				CLANG_CXX_LANGUAGE_STANDARD = "gnu++0x";
				CLANG_CXX_LIBRARY = "libc++";
				CLANG_ENABLE_MODULES = YES;
				CLANG_ENABLE_OBJC_ARC = YES;
				CLANG_WARN_BOOL_CONVERSION = YES;
				CLANG_WARN_CONSTANT_CONVERSION = YES;
				CLANG_WARN_DIRECT_OBJC_ISA_USAGE = YES_ERROR;
				CLANG_WARN_EMPTY_BODY = YES;
				CLANG_WARN_ENUM_CONVERSION = YES;
				CLANG_WARN_INT_CONVERSION = YES;
				CLANG_WARN_OBJC_ROOT_CLASS = YES_ERROR;
				CLANG_WARN__DUPLICATE_METHOD_MATCH = YES;
				"CODE_SIGN_IDENTITY[sdk=iphoneos*]" = "iPhone Developer";
				COPY_PHASE_STRIP = YES;
				ENABLE_NS_ASSERTIONS = NO;
				GCC_C_LANGUAGE_STANDARD = gnu99;
				GCC_WARN_64_TO_32_BIT_CONVERSION = YES;
				GCC_WARN_ABOUT_RETURN_TYPE = YES_ERROR;
				GCC_WARN_UNDECLARED_SELECTOR = YES;
				GCC_WARN_UNINITIALIZED_AUTOS = YES_AGGRESSIVE;
				GCC_WARN_UNUSED_FUNCTION = YES;
				GCC_WARN_UNUSED_VARIABLE = YES;
				IPHONEOS_DEPLOYMENT_TARGET = 7.1;
				SDKROOT = iphoneos;
				VALIDATE_PRODUCT = YES;
			};
			name = Release;
		};
		C0FB7272193468DC00955AF5 /* Debug */ = {
			isa = XCBuildConfiguration;
			buildSettings = {
				ASSETCATALOG_COMPILER_APPICON_NAME = AppIcon;
				ASSETCATALOG_COMPILER_LAUNCHIMAGE_NAME = LaunchImage;
				GCC_PRECOMPILE_PREFIX_HEADER = YES;
				GCC_PREFIX_HEADER = "GaitCheck/GaitCheck-Prefix.pch";
				INFOPLIST_FILE = "GaitCheck/GaitCheck-Info.plist";
				PRODUCT_NAME = "$(TARGET_NAME)";
				WRAPPER_EXTENSION = app;
			};
			name = Debug;
		};
		C0FB7273193468DC00955AF5 /* Release */ = {
			isa = XCBuildConfiguration;
			buildSettings = {
				ASSETCATALOG_COMPILER_APPICON_NAME = AppIcon;
				ASSETCATALOG_COMPILER_LAUNCHIMAGE_NAME = LaunchImage;
				GCC_PRECOMPILE_PREFIX_HEADER = YES;
				GCC_PREFIX_HEADER = "GaitCheck/GaitCheck-Prefix.pch";
				INFOPLIST_FILE = "GaitCheck/GaitCheck-Info.plist";
				PRODUCT_NAME = "$(TARGET_NAME)";
				WRAPPER_EXTENSION = app;
			};
			name = Release;
		};
		C0FB7275193468DC00955AF5 /* Debug */ = {
			isa = XCBuildConfiguration;
			buildSettings = {
				BUNDLE_LOADER = "$(BUILT_PRODUCTS_DIR)/GaitCheck.app/GaitCheck";
				FRAMEWORK_SEARCH_PATHS = (
					"$(SDKROOT)/Developer/Library/Frameworks",
					"$(inherited)",
					"$(DEVELOPER_FRAMEWORKS_DIR)",
				);
				GCC_PRECOMPILE_PREFIX_HEADER = YES;
				GCC_PREFIX_HEADER = "GaitCheck/GaitCheck-Prefix.pch";
				GCC_PREPROCESSOR_DEFINITIONS = (
					"DEBUG=1",
					"$(inherited)",
				);
				INFOPLIST_FILE = "GaitCheckTests/GaitCheckTests-Info.plist";
				PRODUCT_NAME = "$(TARGET_NAME)";
				TEST_HOST = "$(BUNDLE_LOADER)";
				WRAPPER_EXTENSION = xctest;
			};
			name = Debug;
		};
		C0FB7276193468DC00955AF5 /* Release */ = {
			isa = XCBuildConfiguration;
			buildSettings = {
				BUNDLE_LOADER = "$(BUILT_PRODUCTS_DIR)/GaitCheck.app/GaitCheck";
				FRAMEWORK_SEARCH_PATHS = (
					"$(SDKROOT)/Developer/Library/Frameworks",
					"$(inherited)",
					"$(DEVELOPER_FRAMEWORKS_DIR)",
				);
				GCC_PRECOMPILE_PREFIX_HEADER = YES;
				GCC_PREFIX_HEADER = "GaitCheck/GaitCheck-Prefix.pch";
				INFOPLIST_FILE = "GaitCheckTests/GaitCheckTests-Info.plist";
				PRODUCT_NAME = "$(TARGET_NAME)";
				TEST_HOST = "$(BUNDLE_LOADER)";
				WRAPPER_EXTENSION = xctest;
			};
			name = Release;
		};
/* End XCBuildConfiguration section */

/* Begin XCConfigurationList section */
		C0FB723A193468DC00955AF5 /* Build configuration list for PBXProject "GaitCheck" */ = {
			isa = XCConfigurationList;
			buildConfigurations = (
				C0FB726F193468DC00955AF5 /* Debug */,
				C0FB7270193468DC00955AF5 /* Release */,
			);
			defaultConfigurationIsVisible = 0;
			defaultConfigurationName = Release;
		};
		C0FB7271193468DC00955AF5 /* Build configuration list for PBXNativeTarget "GaitCheck" */ = {
			isa = XCConfigurationList;
			buildConfigurations = (
				C0FB7272193468DC00955AF5 /* Debug */,
				C0FB7273193468DC00955AF5 /* Release */,
			);
			defaultConfigurationIsVisible = 0;
			defaultConfigurationName = Release;
		};
		C0FB7274193468DC00955AF5 /* Build configuration list for PBXNativeTarget "GaitCheckTests" */ = {
			isa = XCConfigurationList;
			buildConfigurations = (
				C0FB7275193468DC00955AF5 /* Debug */,
				C0FB7276193468DC00955AF5 /* Release */,
			);
			defaultConfigurationIsVisible = 0;
			defaultConfigurationName = Release;
		};
/* End XCConfigurationList section */

/* Begin XCVersionGroup section */
		C07E441C1939C9E4006C1509 /* Model.xcdatamodeld */ = {
			isa = XCVersionGroup;
			children = (
				C07E441D1939C9E4006C1509 /* Model.xcdatamodel */,
			);
			currentVersion = C07E441D1939C9E4006C1509 /* Model.xcdatamodel */;
			path = Model.xcdatamodeld;
			sourceTree = "<group>";
			versionGroupType = wrapper.xcdatamodel;
		};
/* End XCVersionGroup section */
	};
	rootObject = C0FB7237193468DC00955AF5 /* Project object */;
}
